
Microsoft Visual Studio Solution File, Format Version 12.00
# Visual Studio Version 16
VisualStudioVersion = 16.0.31911.196
MinimumVisualStudioVersion = 10.0.40219.1
Project("{9A19103F-16F7-4668-BE54-9A1E7A4F7556}") = "DomainLayer", "DomainLayer\DomainLayer.csproj", "{0F62CE00-7007-4176-A159-796A858BA96A}"
EndProject
Project("{9A19103F-16F7-4668-BE54-9A1E7A4F7556}") = "ApplicationLayer", "ApplicationLayer\ApplicationLayer.csproj", "{3BB3BF0B-4CEB-4D20-A863-660925C8B8C7}"
EndProject
Project("{9A19103F-16F7-4668-BE54-9A1E7A4F7556}") = "WebAPI", "WebAPI\WebAPI.csproj", "{0FAD5809-2E97-4415-962C-A58B753A0C96}"
EndProject
Global
	GlobalSection(SolutionConfigurationPlatforms) = preSolution
		Debug|Any CPU = Debug|Any CPU
		Release|Any CPU = Release|Any CPU
	EndGlobalSection
	GlobalSection(ProjectConfigurationPlatforms) = postSolution
		{0F62CE00-7007-4176-A159-796A858BA96A}.Debug|Any CPU.ActiveCfg = Debug|Any CPU
		{0F62CE00-7007-4176-A159-796A858BA96A}.Debug|Any CPU.Build.0 = Debug|Any CPU
		{0F62CE00-7007-4176-A159-796A858BA96A}.Release|Any CPU.ActiveCfg = Release|Any CPU
		{0F62CE00-7007-4176-A159-796A858BA96A}.Release|Any CPU.Build.0 = Release|Any CPU
		{3BB3BF0B-4CEB-4D20-A863-660925C8B8C7}.Debug|Any CPU.ActiveCfg = Debug|Any CPU
		{3BB3BF0B-4CEB-4D20-A863-660925C8B8C7}.Debug|Any CPU.Build.0 = Debug|Any CPU
		{3BB3BF0B-4CEB-4D20-A863-660925C8B8C7}.Release|Any CPU.ActiveCfg = Release|Any CPU
		{3BB3BF0B-4CEB-4D20-A863-660925C8B8C7}.Release|Any CPU.Build.0 = Release|Any CPU
		{0FAD5809-2E97-4415-962C-A58B753A0C96}.Debug|Any CPU.ActiveCfg = Debug|Any CPU
		{0FAD5809-2E97-4415-962C-A58B753A0C96}.Debug|Any CPU.Build.0 = Debug|Any CPU
		{0FAD5809-2E97-4415-962C-A58B753A0C96}.Release|Any CPU.ActiveCfg = Release|Any CPU
		{0FAD5809-2E97-4415-962C-A58B753A0C96}.Release|Any CPU.Build.0 = Release|Any CPU
	EndGlobalSection
	GlobalSection(SolutionProperties) = preSolution
		HideSolutionNode = FALSE
	EndGlobalSection
	GlobalSection(ExtensibilityGlobals) = postSolution
		SolutionGuid = {7337D81E-2314-42EE-8B35-933F6BAB7A80}
	EndGlobalSection
EndGlobal
